// !$*UTF8*$!
{
	archiveVersion = 1;
	classes = {
	};
	objectVersion = 56;
	objects = {

/* Begin PBXBuildFile section */
		C3DBC0D12C2300DA0027C35E /* GreenQuizApp.swift in Sources */ = {isa = PBXBuildFile; fileRef = C3DBC0D02C2300DA0027C35E /* GreenQuizApp.swift */; };
		C3DBC0D32C2300DA0027C35E /* ContentView.swift in Sources */ = {isa = PBXBuildFile; fileRef = C3DBC0D22C2300DA0027C35E /* ContentView.swift */; };
		C3DBC0D52C2300DB0027C35E /* Assets.xcassets in Resources */ = {isa = PBXBuildFile; fileRef = C3DBC0D42C2300DB0027C35E /* Assets.xcassets */; };
		C3DBC0D82C2300DB0027C35E /* Preview Assets.xcassets in Resources */ = {isa = PBXBuildFile; fileRef = C3DBC0D72C2300DB0027C35E /* Preview Assets.xcassets */; };
		F268FF1D2C2311A0006C5563 /* profilView.swift in Sources */ = {isa = PBXBuildFile; fileRef = F268FF1C2C2311A0006C5563 /* profilView.swift */; };
		F2AF61E22C24296900B5DF73 /* progressionBar.swift in Sources */ = {isa = PBXBuildFile; fileRef = F2AF61E12C24296900B5DF73 /* progressionBar.swift */; };
		F2AF61E42C244F6100B5DF73 /* parametreView.swift in Sources */ = {isa = PBXBuildFile; fileRef = F2AF61E32C244F6100B5DF73 /* parametreView.swift */; };
/* End PBXBuildFile section */

/* Begin PBXFileReference section */
		C3DBC0CD2C2300DA0027C35E /* GreenQuiz.app */ = {isa = PBXFileReference; explicitFileType = wrapper.application; includeInIndex = 0; path = GreenQuiz.app; sourceTree = BUILT_PRODUCTS_DIR; };
		C3DBC0D02C2300DA0027C35E /* GreenQuizApp.swift */ = {isa = PBXFileReference; lastKnownFileType = sourcecode.swift; path = GreenQuizApp.swift; sourceTree = "<group>"; };
		C3DBC0D22C2300DA0027C35E /* ContentView.swift */ = {isa = PBXFileReference; lastKnownFileType = sourcecode.swift; path = ContentView.swift; sourceTree = "<group>"; };
		C3DBC0D42C2300DB0027C35E /* Assets.xcassets */ = {isa = PBXFileReference; lastKnownFileType = folder.assetcatalog; path = Assets.xcassets; sourceTree = "<group>"; };
		C3DBC0D72C2300DB0027C35E /* Preview Assets.xcassets */ = {isa = PBXFileReference; lastKnownFileType = folder.assetcatalog; path = "Preview Assets.xcassets"; sourceTree = "<group>"; };
		F268FF1C2C2311A0006C5563 /* profilView.swift */ = {isa = PBXFileReference; lastKnownFileType = sourcecode.swift; path = profilView.swift; sourceTree = "<group>"; };
		F2AF61E12C24296900B5DF73 /* progressionBar.swift */ = {isa = PBXFileReference; lastKnownFileType = sourcecode.swift; path = progressionBar.swift; sourceTree = "<group>"; };
		F2AF61E32C244F6100B5DF73 /* parametreView.swift */ = {isa = PBXFileReference; lastKnownFileType = sourcecode.swift; path = parametreView.swift; sourceTree = "<group>"; };
/* End PBXFileReference section */

/* Begin PBXFrameworksBuildPhase section */
		C3DBC0CA2C2300DA0027C35E /* Frameworks */ = {
			isa = PBXFrameworksBuildPhase;
			buildActionMask = 2147483647;
			files = (
			);
			runOnlyForDeploymentPostprocessing = 0;
		};
/* End PBXFrameworksBuildPhase section */

/* Begin PBXGroup section */
		C3DBC0C42C2300DA0027C35E = {
			isa = PBXGroup;
			children = (
				C3DBC0CF2C2300DA0027C35E /* GreenQuiz */,
				C3DBC0CE2C2300DA0027C35E /* Products */,
			);
			sourceTree = "<group>";
		};
		C3DBC0CE2C2300DA0027C35E /* Products */ = {
			isa = PBXGroup;
			children = (
				C3DBC0CD2C2300DA0027C35E /* GreenQuiz.app */,
			);
			name = Products;
			sourceTree = "<group>";
		};
		C3DBC0CF2C2300DA0027C35E /* GreenQuiz */ = {
			isa = PBXGroup;
			children = (
				C3DBC0D02C2300DA0027C35E /* GreenQuizApp.swift */,
				C3DBC0D22C2300DA0027C35E /* ContentView.swift */,
				F268FF1C2C2311A0006C5563 /* profilView.swift */,
				F2AF61E32C244F6100B5DF73 /* parametreView.swift */,
				F2AF61E12C24296900B5DF73 /* progressionBar.swift */,
				C3DBC0D42C2300DB0027C35E /* Assets.xcassets */,
				C3DBC0D62C2300DB0027C35E /* Preview Content */,
			);
			path = GreenQuiz;
			sourceTree = "<group>";
		};
		C3DBC0D62C2300DB0027C35E /* Preview Content */ = {
			isa = PBXGroup;
			children = (
				C3DBC0D72C2300DB0027C35E /* Preview Assets.xcassets */,
			);
			path = "Preview Content";
			sourceTree = "<group>";
		};
/* End PBXGroup section */

/* Begin PBXNativeTarget section */
		C3DBC0CC2C2300DA0027C35E /* GreenQuiz */ = {
			isa = PBXNativeTarget;
			buildConfigurationList = C3DBC0DB2C2300DB0027C35E /* Build configuration list for PBXNativeTarget "GreenQuiz" */;
			buildPhases = (
				C3DBC0C92C2300DA0027C35E /* Sources */,
				C3DBC0CA2C2300DA0027C35E /* Frameworks */,
				C3DBC0CB2C2300DA0027C35E /* Resources */,
			);
			buildRules = (
			);
			dependencies = (
			);
			name = GreenQuiz;
			productName = GreenQuiz;
			productReference = C3DBC0CD2C2300DA0027C35E /* GreenQuiz.app */;
			productType = "com.apple.product-type.application";
		};
/* End PBXNativeTarget section */

/* Begin PBXProject section */
		C3DBC0C52C2300DA0027C35E /* Project object */ = {
			isa = PBXProject;
			attributes = {
				BuildIndependentTargetsInParallel = 1;
				LastSwiftUpdateCheck = 1540;
				LastUpgradeCheck = 1540;
				TargetAttributes = {
					C3DBC0CC2C2300DA0027C35E = {
						CreatedOnToolsVersion = 15.4;
					};
				};
			};
			buildConfigurationList = C3DBC0C82C2300DA0027C35E /* Build configuration list for PBXProject "GreenQuiz" */;
			compatibilityVersion = "Xcode 14.0";
			developmentRegion = en;
			hasScannedForEncodings = 0;
			knownRegions = (
				en,
				Base,
			);
			mainGroup = C3DBC0C42C2300DA0027C35E;
			productRefGroup = C3DBC0CE2C2300DA0027C35E /* Products */;
			projectDirPath = "";
			projectRoot = "";
			targets = (
				C3DBC0CC2C2300DA0027C35E /* GreenQuiz */,
			);
		};
/* End PBXProject section */

/* Begin PBXResourcesBuildPhase section */
		C3DBC0CB2C2300DA0027C35E /* Resources */ = {
			isa = PBXResourcesBuildPhase;
			buildActionMask = 2147483647;
			files = (
				C3DBC0D82C2300DB0027C35E /* Preview Assets.xcassets in Resources */,
				C3DBC0D52C2300DB0027C35E /* Assets.xcassets in Resources */,
			);
			runOnlyForDeploymentPostprocessing = 0;
		};
/* End PBXResourcesBuildPhase section */

/* Begin PBXSourcesBuildPhase section */
		C3DBC0C92C2300DA0027C35E /* Sources */ = {
			isa = PBXSourcesBuildPhase;
			buildActionMask = 2147483647;
			files = (
				F2AF61E42C244F6100B5DF73 /* parametreView.swift in Sources */,
				F268FF1D2C2311A0006C5563 /* profilView.swift in Sources */,
				C3DBC0D32C2300DA0027C35E /* ContentView.swift in Sources */,
				C3DBC0D12C2300DA0027C35E /* GreenQuizApp.swift in Sources */,
				F2AF61E22C24296900B5DF73 /* progressionBar.swift in Sources */,
			);
			runOnlyForDeploymentPostprocessing = 0;
		};
/* End PBXSourcesBuildPhase section */

/* Begin XCBuildConfiguration section */
		C3DBC0D92C2300DB0027C35E /* Debug */ = {
			isa = XCBuildConfiguration;
			buildSettings = {
				ALWAYS_SEARCH_USER_PATHS = NO;
				ASSETCATALOG_COMPILER_GENERATE_SWIFT_ASSET_SYMBOL_EXTENSIONS = YES;
				CLANG_ANALYZER_NONNULL = YES;
				CLANG_ANALYZER_NUMBER_OBJECT_CONVERSION = YES_AGGRESSIVE;
				CLANG_CXX_LANGUAGE_STANDARD = "gnu++20";
				CLANG_ENABLE_MODULES = YES;
				CLANG_ENABLE_OBJC_ARC = YES;
				CLANG_ENABLE_OBJC_WEAK = YES;
				CLANG_WARN_BLOCK_CAPTURE_AUTORELEASING = YES;
				CLANG_WARN_BOOL_CONVERSION = YES;
				CLANG_WARN_COMMA = YES;
				CLANG_WARN_CONSTANT_CONVERSION = YES;
				CLANG_WARN_DEPRECATED_OBJC_IMPLEMENTATIONS = YES;
				CLANG_WARN_DIRECT_OBJC_ISA_USAGE = YES_ERROR;
				CLANG_WARN_DOCUMENTATION_COMMENTS = YES;
				CLANG_WARN_EMPTY_BODY = YES;
				CLANG_WARN_ENUM_CONVERSION = YES;
				CLANG_WARN_INFINITE_RECURSION = YES;
				CLANG_WARN_INT_CONVERSION = YES;
				CLANG_WARN_NON_LITERAL_NULL_CONVERSION = YES;
				CLANG_WARN_OBJC_IMPLICIT_RETAIN_SELF = YES;
				CLANG_WARN_OBJC_LITERAL_CONVERSION = YES;
				CLANG_WARN_OBJC_ROOT_CLASS = YES_ERROR;
				CLANG_WARN_QUOTED_INCLUDE_IN_FRAMEWORK_HEADER = YES;
				CLANG_WARN_RANGE_LOOP_ANALYSIS = YES;
				CLANG_WARN_STRICT_PROTOTYPES = YES;
				CLANG_WARN_SUSPICIOUS_MOVE = YES;
				CLANG_WARN_UNGUARDED_AVAILABILITY = YES_AGGRESSIVE;
				CLANG_WARN_UNREACHABLE_CODE = YES;
				CLANG_WARN__DUPLICATE_METHOD_MATCH = YES;
				COPY_PHASE_STRIP = NO;
				DEBUG_INFORMATION_FORMAT = dwarf;
				ENABLE_STRICT_OBJC_MSGSEND = YES;
				ENABLE_TESTABILITY = YES;
				ENABLE_USER_SCRIPT_SANDBOXING = YES;
				GCC_C_LANGUAGE_STANDARD = gnu17;
				GCC_DYNAMIC_NO_PIC = NO;
				GCC_NO_COMMON_BLOCKS = YES;
				GCC_OPTIMIZATION_LEVEL = 0;
				GCC_PREPROCESSOR_DEFINITIONS = (
					"DEBUG=1",
					"$(inherited)",
				);
				GCC_WARN_64_TO_32_BIT_CONVERSION = YES;
				GCC_WARN_ABOUT_RETURN_TYPE = YES_ERROR;
				GCC_WARN_UNDECLARED_SELECTOR = YES;
				GCC_WARN_UNINITIALIZED_AUTOS = YES_AGGRESSIVE;
				GCC_WARN_UNUSED_FUNCTION = YES;
				GCC_WARN_UNUSED_VARIABLE = YES;
				IPHONEOS_DEPLOYMENT_TARGET = 17.5;
				LOCALIZATION_PREFERS_STRING_CATALOGS = YES;
				MTL_ENABLE_DEBUG_INFO = INCLUDE_SOURCE;
				MTL_FAST_MATH = YES;
				ONLY_ACTIVE_ARCH = YES;
				SDKROOT = iphoneos;
				SWIFT_ACTIVE_COMPILATION_CONDITIONS = "DEBUG $(inherited)";
				SWIFT_OPTIMIZATION_LEVEL = "-Onone";
			};
			name = Debug;
		};
		C3DBC0DA2C2300DB0027C35E /* Release */ = {
			isa = XCBuildConfiguration;
			buildSettings = {
				ALWAYS_SEARCH_USER_PATHS = NO;
				ASSETCATALOG_COMPILER_GENERATE_SWIFT_ASSET_SYMBOL_EXTENSIONS = YES;
				CLANG_ANALYZER_NONNULL = YES;
				CLANG_ANALYZER_NUMBER_OBJECT_CONVERSION = YES_AGGRESSIVE;
				CLANG_CXX_LANGUAGE_STANDARD = "gnu++20";
				CLANG_ENABLE_MODULES = YES;
				CLANG_ENABLE_OBJC_ARC = YES;
				CLANG_ENABLE_OBJC_WEAK = YES;
				CLANG_WARN_BLOCK_CAPTURE_AUTORELEASING = YES;
				CLANG_WARN_BOOL_CONVERSION = YES;
				CLANG_WARN_COMMA = YES;
				CLANG_WARN_CONSTANT_CONVERSION = YES;
				CLANG_WARN_DEPRECATED_OBJC_IMPLEMENTATIONS = YES;
				CLANG_WARN_DIRECT_OBJC_ISA_USAGE = YES_ERROR;
				CLANG_WARN_DOCUMENTATION_COMMENTS = YES;
				CLANG_WARN_EMPTY_BODY = YES;
				CLANG_WARN_ENUM_CONVERSION = YES;
				CLANG_WARN_INFINITE_RECURSION = YES;
				CLANG_WARN_INT_CONVERSION = YES;
				CLANG_WARN_NON_LITERAL_NULL_CONVERSION = YES;
				CLANG_WARN_OBJC_IMPLICIT_RETAIN_SELF = YES;
				CLANG_WARN_OBJC_LITERAL_CONVERSION = YES;
				CLANG_WARN_OBJC_ROOT_CLASS = YES_ERROR;
				CLANG_WARN_QUOTED_INCLUDE_IN_FRAMEWORK_HEADER = YES;
				CLANG_WARN_RANGE_LOOP_ANALYSIS = YES;
				CLANG_WARN_STRICT_PROTOTYPES = YES;
				CLANG_WARN_SUSPICIOUS_MOVE = YES;
				CLANG_WARN_UNGUARDED_AVAILABILITY = YES_AGGRESSIVE;
				CLANG_WARN_UNREACHABLE_CODE = YES;
				CLANG_WARN__DUPLICATE_METHOD_MATCH = YES;
				COPY_PHASE_STRIP = NO;
				DEBUG_INFORMATION_FORMAT = "dwarf-with-dsym";
				ENABLE_NS_ASSERTIONS = NO;
				ENABLE_STRICT_OBJC_MSGSEND = YES;
				ENABLE_USER_SCRIPT_SANDBOXING = YES;
				GCC_C_LANGUAGE_STANDARD = gnu17;
				GCC_NO_COMMON_BLOCKS = YES;
				GCC_WARN_64_TO_32_BIT_CONVERSION = YES;
				GCC_WARN_ABOUT_RETURN_TYPE = YES_ERROR;
				GCC_WARN_UNDECLARED_SELECTOR = YES;
				GCC_WARN_UNINITIALIZED_AUTOS = YES_AGGRESSIVE;
				GCC_WARN_UNUSED_FUNCTION = YES;
				GCC_WARN_UNUSED_VARIABLE = YES;
				IPHONEOS_DEPLOYMENT_TARGET = 17.5;
				LOCALIZATION_PREFERS_STRING_CATALOGS = YES;
				MTL_ENABLE_DEBUG_INFO = NO;
				MTL_FAST_MATH = YES;
				SDKROOT = iphoneos;
				SWIFT_COMPILATION_MODE = wholemodule;
				VALIDATE_PRODUCT = YES;
			};
			name = Release;
		};
		C3DBC0DC2C2300DB0027C35E /* Debug */ = {
			isa = XCBuildConfiguration;
			buildSettings = {
				ASSETCATALOG_COMPILER_APPICON_NAME = AppIcon;
				ASSETCATALOG_COMPILER_GLOBAL_ACCENT_COLOR_NAME = AccentColor;
				CODE_SIGN_STYLE = Automatic;
				CURRENT_PROJECT_VERSION = 1;
				DEVELOPMENT_ASSET_PATHS = "\"GreenQuiz/Preview Content\"";
				ENABLE_PREVIEWS = YES;
				GENERATE_INFOPLIST_FILE = YES;
				INFOPLIST_KEY_UIApplicationSceneManifest_Generation = YES;
				INFOPLIST_KEY_UIApplicationSupportsIndirectInputEvents = YES;
				INFOPLIST_KEY_UILaunchScreen_Generation = YES;
				INFOPLIST_KEY_UISupportedInterfaceOrientations_iPad = "UIInterfaceOrientationPortrait UIInterfaceOrientationPortraitUpsideDown UIInterfaceOrientationLandscapeLeft UIInterfaceOrientationLandscapeRight";
				INFOPLIST_KEY_UISupportedInterfaceOrientations_iPhone = "UIInterfaceOrientationPortrait UIInterfaceOrientationLandscapeLeft UIInterfaceOrientationLandscapeRight";
				LD_RUNPATH_SEARCH_PATHS = (
					"$(inherited)",
					"@executable_path/Frameworks",
				);
				MARKETING_VERSION = 1.0;
				PRODUCT_BUNDLE_IDENTIFIER = avengreens.GreenQuiz;
				PRODUCT_NAME = "$(TARGET_NAME)";
				SWIFT_EMIT_LOC_STRINGS = YES;
				SWIFT_VERSION = 5.0;
				TARGETED_DEVICE_FAMILY = "1,2";
			};
			name = Debug;
		};
		C3DBC0DD2C2300DB0027C35E /* Release */ = {
			isa = XCBuildConfiguration;
			buildSettings = {
				ASSETCATALOG_COMPILER_APPICON_NAME = AppIcon;
				ASSETCATALOG_COMPILER_GLOBAL_ACCENT_COLOR_NAME = AccentColor;
				CODE_SIGN_STYLE = Automatic;
				CURRENT_PROJECT_VERSION = 1;
				DEVELOPMENT_ASSET_PATHS = "\"GreenQuiz/Preview Content\"";
				ENABLE_PREVIEWS = YES;
				GENERATE_INFOPLIST_FILE = YES;
				INFOPLIST_KEY_UIApplicationSceneManifest_Generation = YES;
				INFOPLIST_KEY_UIApplicationSupportsIndirectInputEvents = YES;
				INFOPLIST_KEY_UILaunchScreen_Generation = YES;
				INFOPLIST_KEY_UISupportedInterfaceOrientations_iPad = "UIInterfaceOrientationPortrait UIInterfaceOrientationPortraitUpsideDown UIInterfaceOrientationLandscapeLeft UIInterfaceOrientationLandscapeRight";
				INFOPLIST_KEY_UISupportedInterfaceOrientations_iPhone = "UIInterfaceOrientationPortrait UIInterfaceOrientationLandscapeLeft UIInterfaceOrientationLandscapeRight";
				LD_RUNPATH_SEARCH_PATHS = (
					"$(inherited)",
					"@executable_path/Frameworks",
				);
				MARKETING_VERSION = 1.0;
				PRODUCT_BUNDLE_IDENTIFIER = avengreens.GreenQuiz;
				PRODUCT_NAME = "$(TARGET_NAME)";
				SWIFT_EMIT_LOC_STRINGS = YES;
				SWIFT_VERSION = 5.0;
				TARGETED_DEVICE_FAMILY = "1,2";
			};
			name = Release;
		};
/* End XCBuildConfiguration section */

/* Begin XCConfigurationList section */
		C3DBC0C82C2300DA0027C35E /* Build configuration list for PBXProject "GreenQuiz" */ = {
			isa = XCConfigurationList;
			buildConfigurations = (
				C3DBC0D92C2300DB0027C35E /* Debug */,
				C3DBC0DA2C2300DB0027C35E /* Release */,
			);
			defaultConfigurationIsVisible = 0;
			defaultConfigurationName = Release;
		};
		C3DBC0DB2C2300DB0027C35E /* Build configuration list for PBXNativeTarget "GreenQuiz" */ = {
			isa = XCConfigurationList;
			buildConfigurations = (
				C3DBC0DC2C2300DB0027C35E /* Debug */,
				C3DBC0DD2C2300DB0027C35E /* Release */,
			);
			defaultConfigurationIsVisible = 0;
			defaultConfigurationName = Release;
		};
/* End XCConfigurationList section */
	};
	rootObject = C3DBC0C52C2300DA0027C35E /* Project object */;
}
